
Microsoft Visual Studio Solution File, Format Version 12.00
# Visual Studio Version 17
VisualStudioVersion = 17.4.33213.308
MinimumVisualStudioVersion = 10.0.40219.1
Project("{FAE04EC0-301F-11D3-BF4B-00C04F79EFBC}") = "WordleRevamp", "WordleRevamp\WordleRevamp.csproj", "{88FE70E4-34D3-4B05-99FB-82DC934E4F40}"
EndProject
Global
	GlobalSection(SolutionConfigurationPlatforms) = preSolution
		Debug|Any CPU = Debug|Any CPU
		Release|Any CPU = Release|Any CPU
	EndGlobalSection
	GlobalSection(ProjectConfigurationPlatforms) = postSolution
		{88FE70E4-34D3-4B05-99FB-82DC934E4F40}.Debug|Any CPU.ActiveCfg = Debug|Any CPU
		{88FE70E4-34D3-4B05-99FB-82DC934E4F40}.Debug|Any CPU.Build.0 = Debug|Any CPU
		{88FE70E4-34D3-4B05-99FB-82DC934E4F40}.Release|Any CPU.ActiveCfg = Release|Any CPU
		{88FE70E4-34D3-4B05-99FB-82DC934E4F40}.Release|Any CPU.Build.0 = Release|Any CPU
	EndGlobalSection
	GlobalSection(SolutionProperties) = preSolution
		HideSolutionNode = FALSE
	EndGlobalSection
	GlobalSection(ExtensibilityGlobals) = postSolution
		SolutionGuid = {2787429F-7065-49B7-A85B-C439F90F864C}
	EndGlobalSection
EndGlobal
